Microsoft Visual Studio Solution File, Format Version 12.00
# Visual Studio Version 17
VisualStudioVersion = 17.5.2.0
MinimumVisualStudioVersion = 10.0.40219.1
Project("{FAE04EC0-301F-11D3-BF4B-00C04F79EFBC}") = "APIMS_Api", "APIMS_Api.csproj", "{37B8AD83-E2AD-9242-EC6F-1B6D17C27085}"
EndProject
Global
	GlobalSection(SolutionConfigurationPlatforms) = preSolution
		Debug|Any CPU = Debug|Any CPU
		Release|Any CPU = Release|Any CPU
	EndGlobalSection
	GlobalSection(ProjectConfigurationPlatforms) = postSolution
		{37B8AD83-E2AD-9242-EC6F-1B6D17C27085}.Debug|Any CPU.ActiveCfg = Debug|Any CPU
		{37B8AD83-E2AD-9242-EC6F-1B6D17C27085}.Debug|Any CPU.Build.0 = Debug|Any CPU
		{37B8AD83-E2AD-9242-EC6F-1B6D17C27085}.Release|Any CPU.ActiveCfg = Release|Any CPU
		{37B8AD83-E2AD-9242-EC6F-1B6D17C27085}.Release|Any CPU.Build.0 = Release|Any CPU
	EndGlobalSection
	GlobalSection(SolutionProperties) = preSolution
		HideSolutionNode = FALSE
	EndGlobalSection
	GlobalSection(ExtensibilityGlobals) = postSolution
		SolutionGuid = {84C8A6E9-6225-45EE-80E8-C6B515AEE73B}
	EndGlobalSection
EndGlobal
